// !$*UTF8*$!
{
	archiveVersion = 1;
	classes = {
	};
	objectVersion = 56;
	objects = {

/* Begin PBXBuildFile section */
		D38FC13F2AE7E90D0066D73A /* main.c in Sources */ = {isa = PBXBuildFile; fileRef = D38FC13E2AE7E90D0066D73A /* main.c */; };
/* End PBXBuildFile section */

/* Begin PBXCopyFilesBuildPhase section */
		D35551EF2AE40634002CB191 /* CopyFiles */ = {
			isa = PBXCopyFilesBuildPhase;
			buildActionMask = 2147483647;
			dstPath = /usr/share/man/man1/;
			dstSubfolderSpec = 0;
			files = (
			);
			runOnlyForDeploymentPostprocessing = 1;
		};
/* End PBXCopyFilesBuildPhase section */

/* Begin PBXFileReference section */
		D35551F12AE40634002CB191 /* Chapter 2. Types, Operators, and Expressions */ = {isa = PBXFileReference; explicitFileType = "compiled.mach-o.executable"; includeInIndex = 0; path = "Chapter 2. Types, Operators, and Expressions"; sourceTree = BUILT_PRODUCTS_DIR; };
		D35551FC2AE40658002CB191 /* main.c */ = {isa = PBXFileReference; lastKnownFileType = sourcecode.c.c; path = main.c; sourceTree = "<group>"; };
		D38FC1302AE541570066D73A /* main.c */ = {isa = PBXFileReference; lastKnownFileType = sourcecode.c.c; path = main.c; sourceTree = "<group>"; };
		D38FC1362AE792130066D73A /* main.c */ = {isa = PBXFileReference; lastKnownFileType = sourcecode.c.c; path = main.c; sourceTree = "<group>"; };
		D38FC1392AE7C16C0066D73A /* main.c */ = {isa = PBXFileReference; lastKnownFileType = sourcecode.c.c; path = main.c; sourceTree = "<group>"; };
		D38FC13E2AE7E90D0066D73A /* main.c */ = {isa = PBXFileReference; lastKnownFileType = sourcecode.c.c; path = main.c; sourceTree = "<group>"; };
		D3ADAEB22AE53F4B0049CDFC /* main.c */ = {isa = PBXFileReference; lastKnownFileType = sourcecode.c.c; path = main.c; sourceTree = "<group>"; };
/* End PBXFileReference section */

/* Begin PBXFrameworksBuildPhase section */
		D35551EE2AE40634002CB191 /* Frameworks */ = {
			isa = PBXFrameworksBuildPhase;
			buildActionMask = 2147483647;
			files = (
			);
			runOnlyForDeploymentPostprocessing = 0;
		};
/* End PBXFrameworksBuildPhase section */

/* Begin PBXGroup section */
		D35551E82AE40633002CB191 = {
			isa = PBXGroup;
			children = (
				D35551F32AE40634002CB191 /* Chapter 2. Types, Operators, and Expressions */,
				D35551F22AE40634002CB191 /* Products */,
			);
			sourceTree = "<group>";
		};
		D35551F22AE40634002CB191 /* Products */ = {
			isa = PBXGroup;
			children = (
				D35551F12AE40634002CB191 /* Chapter 2. Types, Operators, and Expressions */,
			);
			name = Products;
			sourceTree = "<group>";
		};
		D35551F32AE40634002CB191 /* Chapter 2. Types, Operators, and Expressions */ = {
			isa = PBXGroup;
			children = (
				D38FC13D2AE7E9000066D73A /* Exercise 2-8 */,
				D38FC1382AE7C15D0066D73A /* Exercise 2-7 */,
				D38FC1352AE792080066D73A /* Exercise 2-6 */,
				D38FC12F2AE541480066D73A /* Exercise 2-5 */,
				D38B93F62AE539B400CFD5A1 /* Exercise 2-4 */,
				D35551FB2AE40649002CB191 /* Exercise 2-3 */,
			);
			path = "Chapter 2. Types, Operators, and Expressions";
			sourceTree = "<group>";
		};
		D35551FB2AE40649002CB191 /* Exercise 2-3 */ = {
			isa = PBXGroup;
			children = (
				D35551FC2AE40658002CB191 /* main.c */,
			);
			path = "Exercise 2-3";
			sourceTree = "<group>";
		};
		D38B93F62AE539B400CFD5A1 /* Exercise 2-4 */ = {
			isa = PBXGroup;
			children = (
				D3ADAEB22AE53F4B0049CDFC /* main.c */,
			);
			path = "Exercise 2-4";
			sourceTree = "<group>";
		};
		D38FC12F2AE541480066D73A /* Exercise 2-5 */ = {
			isa = PBXGroup;
			children = (
				D38FC1302AE541570066D73A /* main.c */,
			);
			path = "Exercise 2-5";
			sourceTree = "<group>";
		};
		D38FC1352AE792080066D73A /* Exercise 2-6 */ = {
			isa = PBXGroup;
			children = (
				D38FC1362AE792130066D73A /* main.c */,
			);
			path = "Exercise 2-6";
			sourceTree = "<group>";
		};
		D38FC1382AE7C15D0066D73A /* Exercise 2-7 */ = {
			isa = PBXGroup;
			children = (
				D38FC1392AE7C16C0066D73A /* main.c */,
			);
			path = "Exercise 2-7";
			sourceTree = "<group>";
		};
		D38FC13D2AE7E9000066D73A /* Exercise 2-8 */ = {
			isa = PBXGroup;
			children = (
				D38FC13E2AE7E90D0066D73A /* main.c */,
			);
			path = "Exercise 2-8";
			sourceTree = "<group>";
		};
/* End PBXGroup section */

/* Begin PBXNativeTarget section */
		D35551F02AE40634002CB191 /* Chapter 2. Types, Operators, and Expressions */ = {
			isa = PBXNativeTarget;
			buildConfigurationList = D35551F82AE40634002CB191 /* Build configuration list for PBXNativeTarget "Chapter 2. Types, Operators, and Expressions" */;
			buildPhases = (
				D35551ED2AE40634002CB191 /* Sources */,
				D35551EE2AE40634002CB191 /* Frameworks */,
				D35551EF2AE40634002CB191 /* CopyFiles */,
			);
			buildRules = (
			);
			dependencies = (
			);
			name = "Chapter 2. Types, Operators, and Expressions";
			productName = "Chapter 2. Types, Operators, and Expressions";
			productReference = D35551F12AE40634002CB191 /* Chapter 2. Types, Operators, and Expressions */;
			productType = "com.apple.product-type.tool";
		};
/* End PBXNativeTarget section */

/* Begin PBXProject section */
		D35551E92AE40633002CB191 /* Project object */ = {
			isa = PBXProject;
			attributes = {
				BuildIndependentTargetsInParallel = 1;
				LastUpgradeCheck = 1430;
				TargetAttributes = {
					D35551F02AE40634002CB191 = {
						CreatedOnToolsVersion = 14.3.1;
					};
				};
			};
			buildConfigurationList = D35551EC2AE40633002CB191 /* Build configuration list for PBXProject "Chapter 2. Types, Operators, and Expressions" */;
			compatibilityVersion = "Xcode 14.0";
			developmentRegion = en;
			hasScannedForEncodings = 0;
			knownRegions = (
				en,
				Base,
			);
			mainGroup = D35551E82AE40633002CB191;
			productRefGroup = D35551F22AE40634002CB191 /* Products */;
			projectDirPath = "";
			projectRoot = "";
			targets = (
				D35551F02AE40634002CB191 /* Chapter 2. Types, Operators, and Expressions */,
			);
		};
/* End PBXProject section */

/* Begin PBXSourcesBuildPhase section */
		D35551ED2AE40634002CB191 /* Sources */ = {
			isa = PBXSourcesBuildPhase;
			buildActionMask = 2147483647;
			files = (
				D38FC13F2AE7E90D0066D73A /* main.c in Sources */,
			);
			runOnlyForDeploymentPostprocessing = 0;
		};
/* End PBXSourcesBuildPhase section */

/* Begin XCBuildConfiguration section */
		D35551F62AE40634002CB191 /* Debug */ = {
			isa = XCBuildConfiguration;
			buildSettings = {
				ALWAYS_SEARCH_USER_PATHS = NO;
				CLANG_ANALYZER_NONNULL = YES;
				CLANG_ANALYZER_NUMBER_OBJECT_CONVERSION = YES_AGGRESSIVE;
				CLANG_CXX_LANGUAGE_STANDARD = "gnu++20";
				CLANG_ENABLE_MODULES = YES;
				CLANG_ENABLE_OBJC_ARC = YES;
				CLANG_ENABLE_OBJC_WEAK = YES;
				CLANG_WARN_BLOCK_CAPTURE_AUTORELEASING = YES;
				CLANG_WARN_BOOL_CONVERSION = YES;
				CLANG_WARN_COMMA = YES;
				CLANG_WARN_CONSTANT_CONVERSION = YES;
				CLANG_WARN_DEPRECATED_OBJC_IMPLEMENTATIONS = YES;
				CLANG_WARN_DIRECT_OBJC_ISA_USAGE = YES_ERROR;
				CLANG_WARN_DOCUMENTATION_COMMENTS = YES;
				CLANG_WARN_EMPTY_BODY = YES;
				CLANG_WARN_ENUM_CONVERSION = YES;
				CLANG_WARN_INFINITE_RECURSION = YES;
				CLANG_WARN_INT_CONVERSION = YES;
				CLANG_WARN_NON_LITERAL_NULL_CONVERSION = YES;
				CLANG_WARN_OBJC_IMPLICIT_RETAIN_SELF = YES;
				CLANG_WARN_OBJC_LITERAL_CONVERSION = YES;
				CLANG_WARN_OBJC_ROOT_CLASS = YES_ERROR;
				CLANG_WARN_QUOTED_INCLUDE_IN_FRAMEWORK_HEADER = YES;
				CLANG_WARN_RANGE_LOOP_ANALYSIS = YES;
				CLANG_WARN_STRICT_PROTOTYPES = YES;
				CLANG_WARN_SUSPICIOUS_MOVE = YES;
				CLANG_WARN_UNGUARDED_AVAILABILITY = YES_AGGRESSIVE;
				CLANG_WARN_UNREACHABLE_CODE = YES;
				CLANG_WARN__DUPLICATE_METHOD_MATCH = YES;
				COPY_PHASE_STRIP = NO;
				DEBUG_INFORMATION_FORMAT = dwarf;
				ENABLE_STRICT_OBJC_MSGSEND = YES;
				ENABLE_TESTABILITY = YES;
				GCC_C_LANGUAGE_STANDARD = gnu11;
				GCC_DYNAMIC_NO_PIC = NO;
				GCC_NO_COMMON_BLOCKS = YES;
				GCC_OPTIMIZATION_LEVEL = 0;
				GCC_PREPROCESSOR_DEFINITIONS = (
					"DEBUG=1",
					"$(inherited)",
				);
				GCC_WARN_64_TO_32_BIT_CONVERSION = YES;
				GCC_WARN_ABOUT_RETURN_TYPE = YES_ERROR;
				GCC_WARN_UNDECLARED_SELECTOR = YES;
				GCC_WARN_UNINITIALIZED_AUTOS = YES_AGGRESSIVE;
				GCC_WARN_UNUSED_FUNCTION = YES;
				GCC_WARN_UNUSED_VARIABLE = YES;
				MACOSX_DEPLOYMENT_TARGET = 13.3;
				MTL_ENABLE_DEBUG_INFO = INCLUDE_SOURCE;
				MTL_FAST_MATH = YES;
				ONLY_ACTIVE_ARCH = YES;
				SDKROOT = macosx;
			};
			name = Debug;
		};
		D35551F72AE40634002CB191 /* Release */ = {
			isa = XCBuildConfiguration;
			buildSettings = {
				ALWAYS_SEARCH_USER_PATHS = NO;
				CLANG_ANALYZER_NONNULL = YES;
				CLANG_ANALYZER_NUMBER_OBJECT_CONVERSION = YES_AGGRESSIVE;
				CLANG_CXX_LANGUAGE_STANDARD = "gnu++20";
				CLANG_ENABLE_MODULES = YES;
				CLANG_ENABLE_OBJC_ARC = YES;
				CLANG_ENABLE_OBJC_WEAK = YES;
				CLANG_WARN_BLOCK_CAPTURE_AUTORELEASING = YES;
				CLANG_WARN_BOOL_CONVERSION = YES;
				CLANG_WARN_COMMA = YES;
				CLANG_WARN_CONSTANT_CONVERSION = YES;
				CLANG_WARN_DEPRECATED_OBJC_IMPLEMENTATIONS = YES;
				CLANG_WARN_DIRECT_OBJC_ISA_USAGE = YES_ERROR;
				CLANG_WARN_DOCUMENTATION_COMMENTS = YES;
				CLANG_WARN_EMPTY_BODY = YES;
				CLANG_WARN_ENUM_CONVERSION = YES;
				CLANG_WARN_INFINITE_RECURSION = YES;
				CLANG_WARN_INT_CONVERSION = YES;
				CLANG_WARN_NON_LITERAL_NULL_CONVERSION = YES;
				CLANG_WARN_OBJC_IMPLICIT_RETAIN_SELF = YES;
				CLANG_WARN_OBJC_LITERAL_CONVERSION = YES;
				CLANG_WARN_OBJC_ROOT_CLASS = YES_ERROR;
				CLANG_WARN_QUOTED_INCLUDE_IN_FRAMEWORK_HEADER = YES;
				CLANG_WARN_RANGE_LOOP_ANALYSIS = YES;
				CLANG_WARN_STRICT_PROTOTYPES = YES;
				CLANG_WARN_SUSPICIOUS_MOVE = YES;
				CLANG_WARN_UNGUARDED_AVAILABILITY = YES_AGGRESSIVE;
				CLANG_WARN_UNREACHABLE_CODE = YES;
				CLANG_WARN__DUPLICATE_METHOD_MATCH = YES;
				COPY_PHASE_STRIP = NO;
				DEBUG_INFORMATION_FORMAT = "dwarf-with-dsym";
				ENABLE_NS_ASSERTIONS = NO;
				ENABLE_STRICT_OBJC_MSGSEND = YES;
				GCC_C_LANGUAGE_STANDARD = gnu11;
				GCC_NO_COMMON_BLOCKS = YES;
				GCC_WARN_64_TO_32_BIT_CONVERSION = YES;
				GCC_WARN_ABOUT_RETURN_TYPE = YES_ERROR;
				GCC_WARN_UNDECLARED_SELECTOR = YES;
				GCC_WARN_UNINITIALIZED_AUTOS = YES_AGGRESSIVE;
				GCC_WARN_UNUSED_FUNCTION = YES;
				GCC_WARN_UNUSED_VARIABLE = YES;
				MACOSX_DEPLOYMENT_TARGET = 13.3;
				MTL_ENABLE_DEBUG_INFO = NO;
				MTL_FAST_MATH = YES;
				SDKROOT = macosx;
			};
			name = Release;
		};
		D35551F92AE40634002CB191 /* Debug */ = {
			isa = XCBuildConfiguration;
			buildSettings = {
				CODE_SIGN_STYLE = Automatic;
				DEVELOPMENT_ASSET_PATHS = "Chapter\\ 2.\\ Types,\\ Operators,\\ and\\ Expressions/Exercise\\ 2-5/main.c";
				GCC_NO_COMMON_BLOCKS = YES;
				PRODUCT_NAME = "$(TARGET_NAME)";
			};
			name = Debug;
		};
		D35551FA2AE40634002CB191 /* Release */ = {
			isa = XCBuildConfiguration;
			buildSettings = {
				CODE_SIGN_STYLE = Automatic;
				DEVELOPMENT_ASSET_PATHS = "Chapter\\ 2.\\ Types,\\ Operators,\\ and\\ Expressions/Exercise\\ 2-5/main.c";
				GCC_NO_COMMON_BLOCKS = YES;
				PRODUCT_NAME = "$(TARGET_NAME)";
			};
			name = Release;
		};
/* End XCBuildConfiguration section */

/* Begin XCConfigurationList section */
		D35551EC2AE40633002CB191 /* Build configuration list for PBXProject "Chapter 2. Types, Operators, and Expressions" */ = {
			isa = XCConfigurationList;
			buildConfigurations = (
				D35551F62AE40634002CB191 /* Debug */,
				D35551F72AE40634002CB191 /* Release */,
			);
			defaultConfigurationIsVisible = 0;
			defaultConfigurationName = Release;
		};
		D35551F82AE40634002CB191 /* Build configuration list for PBXNativeTarget "Chapter 2. Types, Operators, and Expressions" */ = {
			isa = XCConfigurationList;
			buildConfigurations = (
				D35551F92AE40634002CB191 /* Debug */,
				D35551FA2AE40634002CB191 /* Release */,
			);
			defaultConfigurationIsVisible = 0;
			defaultConfigurationName = Release;
		};
/* End XCConfigurationList section */
	};
	rootObject = D35551E92AE40633002CB191 /* Project object */;
}
